
Microsoft Visual Studio Solution File, Format Version 12.00
# Visual Studio Version 17
VisualStudioVersion = 17.2.32630.192
MinimumVisualStudioVersion = 10.0.40219.1
Project("{FAE04EC0-301F-11D3-BF4B-00C04F79EFBC}") = "BankEncapsulation", "BankEncapsulation\BankEncapsulation.csproj", "{A544B54D-D4BA-4743-9F3F-5478F7329660}"
EndProject
Global
	GlobalSection(SolutionConfigurationPlatforms) = preSolution
		Debug|Any CPU = Debug|Any CPU
		Release|Any CPU = Release|Any CPU
	EndGlobalSection
	GlobalSection(ProjectConfigurationPlatforms) = postSolution
		{A544B54D-D4BA-4743-9F3F-5478F7329660}.Debug|Any CPU.ActiveCfg = Debug|Any CPU
		{A544B54D-D4BA-4743-9F3F-5478F7329660}.Debug|Any CPU.Build.0 = Debug|Any CPU
		{A544B54D-D4BA-4743-9F3F-5478F7329660}.Release|Any CPU.ActiveCfg = Release|Any CPU
		{A544B54D-D4BA-4743-9F3F-5478F7329660}.Release|Any CPU.Build.0 = Release|Any CPU
	EndGlobalSection
	GlobalSection(SolutionProperties) = preSolution
		HideSolutionNode = FALSE
	EndGlobalSection
	GlobalSection(ExtensibilityGlobals) = postSolution
		SolutionGuid = {5352A41D-D7DF-4AAE-93F5-B3067AAEB208}
	EndGlobalSection
EndGlobal
